
Microsoft Visual Studio Solution File, Format Version 12.00
# Visual Studio Version 17
VisualStudioVersion = 17.0.31919.166
MinimumVisualStudioVersion = 10.0.40219.1
Project("{8BC9CEB8-8B4A-11D0-8D11-00A0C91BC942}") = "VP17", "VP17.vcxproj", "{9F2221C6-9698-4724-BBA9-8FAEBBEE77D1}"
EndProject
Global
	GlobalSection(SolutionConfigurationPlatforms) = preSolution
		Debug|x64 = Debug|x64
		Debug|x86 = Debug|x86
		Release|x64 = Release|x64
		Release|x86 = Release|x86
	EndGlobalSection
	GlobalSection(ProjectConfigurationPlatforms) = postSolution
		{9F2221C6-9698-4724-BBA9-8FAEBBEE77D1}.Debug|x64.ActiveCfg = Debug|x64
		{9F2221C6-9698-4724-BBA9-8FAEBBEE77D1}.Debug|x64.Build.0 = Debug|x64
		{9F2221C6-9698-4724-BBA9-8FAEBBEE77D1}.Debug|x86.ActiveCfg = Debug|Win32
		{9F2221C6-9698-4724-BBA9-8FAEBBEE77D1}.Debug|x86.Build.0 = Debug|Win32
		{9F2221C6-9698-4724-BBA9-8FAEBBEE77D1}.Release|x64.ActiveCfg = Release|x64
		{9F2221C6-9698-4724-BBA9-8FAEBBEE77D1}.Release|x64.Build.0 = Release|x64
		{9F2221C6-9698-4724-BBA9-8FAEBBEE77D1}.Release|x86.ActiveCfg = Release|Win32
		{9F2221C6-9698-4724-BBA9-8FAEBBEE77D1}.Release|x86.Build.0 = Release|Win32
	EndGlobalSection
	GlobalSection(SolutionProperties) = preSolution
		HideSolutionNode = FALSE
	EndGlobalSection
	GlobalSection(ExtensibilityGlobals) = postSolution
		SolutionGuid = {2875C0E2-97E6-4A9F-9BFD-778F9F667E8B}
	EndGlobalSection
EndGlobal
